
Microsoft Visual Studio Solution File, Format Version 12.00
# Visual Studio Version 17
VisualStudioVersion = 17.5.33424.131
MinimumVisualStudioVersion = 10.0.40219.1
Project("{FAE04EC0-301F-11D3-BF4B-00C04F79EFBC}") = "simofinal", "simofinal\simofinal.csproj", "{0ADBA341-28CB-410C-BC65-3AF41D3721EB}"
EndProject
Global
	GlobalSection(SolutionConfigurationPlatforms) = preSolution
		Debug|Any CPU = Debug|Any CPU
		Release|Any CPU = Release|Any CPU
	EndGlobalSection
	GlobalSection(ProjectConfigurationPlatforms) = postSolution
		{0ADBA341-28CB-410C-BC65-3AF41D3721EB}.Debug|Any CPU.ActiveCfg = Debug|Any CPU
		{0ADBA341-28CB-410C-BC65-3AF41D3721EB}.Debug|Any CPU.Build.0 = Debug|Any CPU
		{0ADBA341-28CB-410C-BC65-3AF41D3721EB}.Release|Any CPU.ActiveCfg = Release|Any CPU
		{0ADBA341-28CB-410C-BC65-3AF41D3721EB}.Release|Any CPU.Build.0 = Release|Any CPU
	EndGlobalSection
	GlobalSection(SolutionProperties) = preSolution
		HideSolutionNode = FALSE
	EndGlobalSection
	GlobalSection(ExtensibilityGlobals) = postSolution
		SolutionGuid = {FFCED5AC-02FA-4A4E-90EB-81B84DAF027D}
	EndGlobalSection
EndGlobal
